// !$*UTF8*$!
{
	archiveVersion = 1;
	classes = {
	};
	objectVersion = 77;
	objects = {

/* Begin PBXContainerItemProxy section */
		1530BF6A2DD4101C0050E8B6 /* PBXContainerItemProxy */ = {
			isa = PBXContainerItemProxy;
			containerPortal = 1530BF4F2DD4101B0050E8B6 /* Project object */;
			proxyType = 1;
			remoteGlobalIDString = 1530BF562DD4101B0050E8B6;
			remoteInfo = Paperclip;
		};
		1530BF742DD4101C0050E8B6 /* PBXContainerItemProxy */ = {
			isa = PBXContainerItemProxy;
			containerPortal = 1530BF4F2DD4101B0050E8B6 /* Project object */;
			proxyType = 1;
			remoteGlobalIDString = 1530BF562DD4101B0050E8B6;
			remoteInfo = Paperclip;
		};
/* End PBXContainerItemProxy section */

/* Begin PBXFileReference section */
		1530BF572DD4101B0050E8B6 /* Paperclip.app */ = {isa = PBXFileReference; explicitFileType = wrapper.application; includeInIndex = 0; path = Paperclip.app; sourceTree = BUILT_PRODUCTS_DIR; };
		1530BF692DD4101C0050E8B6 /* PaperclipTests.xctest */ = {isa = PBXFileReference; explicitFileType = wrapper.cfbundle; includeInIndex = 0; path = PaperclipTests.xctest; sourceTree = BUILT_PRODUCTS_DIR; };
		1530BF732DD4101C0050E8B6 /* PaperclipUITests.xctest */ = {isa = PBXFileReference; explicitFileType = wrapper.cfbundle; includeInIndex = 0; path = PaperclipUITests.xctest; sourceTree = BUILT_PRODUCTS_DIR; };
/* End PBXFileReference section */

/* Begin PBXFileSystemSynchronizedBuildFileExceptionSet section */
		1530E0252DD4254C0017391E /* Exceptions for "Paperclip" folder in "Paperclip" target */ = {
			isa = PBXFileSystemSynchronizedBuildFileExceptionSet;
			membershipExceptions = (
				UIViewController.Swift,
			);
			target = 1530BF562DD4101B0050E8B6 /* Paperclip */;
		};
/* End PBXFileSystemSynchronizedBuildFileExceptionSet section */

/* Begin PBXFileSystemSynchronizedGroupBuildPhaseMembershipExceptionSet section */
		1530E0262DD4254C0017391E /* Exceptions for "Paperclip" folder in "Copy Bundle Resources" phase from "Paperclip" target */ = {
			isa = PBXFileSystemSynchronizedGroupBuildPhaseMembershipExceptionSet;
			buildPhase = 1530BF552DD4101B0050E8B6 /* Resources */;
			membershipExceptions = (
				UIViewController.Swift,
			);
		};
/* End PBXFileSystemSynchronizedGroupBuildPhaseMembershipExceptionSet section */

/* Begin PBXFileSystemSynchronizedRootGroup section */
		1530BF592DD4101B0050E8B6 /* Paperclip */ = {
			isa = PBXFileSystemSynchronizedRootGroup;
			exceptions = (
				1530E0252DD4254C0017391E /* Exceptions for "Paperclip" folder in "Paperclip" target */,
				1530E0262DD4254C0017391E /* Exceptions for "Paperclip" folder in "Copy Bundle Resources" phase from "Paperclip" target */,
			);
			path = Paperclip;
			sourceTree = "<group>";
		};
		1530BF6C2DD4101C0050E8B6 /* PaperclipTests */ = {
			isa = PBXFileSystemSynchronizedRootGroup;
			path = PaperclipTests;
			sourceTree = "<group>";
		};
		1530BF762DD4101C0050E8B6 /* PaperclipUITests */ = {
			isa = PBXFileSystemSynchronizedRootGroup;
			path = PaperclipUITests;
			sourceTree = "<group>";
		};
/* End PBXFileSystemSynchronizedRootGroup section */

/* Begin PBXFrameworksBuildPhase section */
		1530BF542DD4101B0050E8B6 /* Frameworks */ = {
			isa = PBXFrameworksBuildPhase;
			buildActionMask = 2147483647;
			files = (
			);
			runOnlyForDeploymentPostprocessing = 0;
		};
		1530BF662DD4101C0050E8B6 /* Frameworks */ = {
			isa = PBXFrameworksBuildPhase;
			buildActionMask = 2147483647;
			files = (
			);
			runOnlyForDeploymentPostprocessing = 0;
		};
		1530BF702DD4101C0050E8B6 /* Frameworks */ = {
			isa = PBXFrameworksBuildPhase;
			buildActionMask = 2147483647;
			files = (
			);
			runOnlyForDeploymentPostprocessing = 0;
		};
/* End PBXFrameworksBuildPhase section */

/* Begin PBXGroup section */
		1530BF4E2DD4101B0050E8B6 = {
			isa = PBXGroup;
			children = (
				1530BF592DD4101B0050E8B6 /* Paperclip */,
				1530BF6C2DD4101C0050E8B6 /* PaperclipTests */,
				1530BF762DD4101C0050E8B6 /* PaperclipUITests */,
				1530BF582DD4101B0050E8B6 /* Products */,
			);
			sourceTree = "<group>";
		};
		1530BF582DD4101B0050E8B6 /* Products */ = {
			isa = PBXGroup;
			children = (
				1530BF572DD4101B0050E8B6 /* Paperclip.app */,
				1530BF692DD4101C0050E8B6 /* PaperclipTests.xctest */,
				1530BF732DD4101C0050E8B6 /* PaperclipUITests.xctest */,
			);
			name = Products;
			sourceTree = "<group>";
		};
/* End PBXGroup section */

/* Begin PBXNativeTarget section */
		1530BF562DD4101B0050E8B6 /* Paperclip */ = {
			isa = PBXNativeTarget;
			buildConfigurationList = 1530BF7D2DD4101C0050E8B6 /* Build configuration list for PBXNativeTarget "Paperclip" */;
			buildPhases = (
				1530BF532DD4101B0050E8B6 /* Sources */,
				1530BF542DD4101B0050E8B6 /* Frameworks */,
				1530BF552DD4101B0050E8B6 /* Resources */,
			);
			buildRules = (
			);
			dependencies = (
			);
			fileSystemSynchronizedGroups = (
				1530BF592DD4101B0050E8B6 /* Paperclip */,
			);
			name = Paperclip;
			packageProductDependencies = (
			);
			productName = Paperclip;
			productReference = 1530BF572DD4101B0050E8B6 /* Paperclip.app */;
			productType = "com.apple.product-type.application";
		};
		1530BF682DD4101C0050E8B6 /* PaperclipTests */ = {
			isa = PBXNativeTarget;
			buildConfigurationList = 1530BF802DD4101C0050E8B6 /* Build configuration list for PBXNativeTarget "PaperclipTests" */;
			buildPhases = (
				1530BF652DD4101C0050E8B6 /* Sources */,
				1530BF662DD4101C0050E8B6 /* Frameworks */,
				1530BF672DD4101C0050E8B6 /* Resources */,
			);
			buildRules = (
			);
			dependencies = (
				1530BF6B2DD4101C0050E8B6 /* PBXTargetDependency */,
			);
			fileSystemSynchronizedGroups = (
				1530BF6C2DD4101C0050E8B6 /* PaperclipTests */,
			);
			name = PaperclipTests;
			packageProductDependencies = (
			);
			productName = PaperclipTests;
			productReference = 1530BF692DD4101C0050E8B6 /* PaperclipTests.xctest */;
			productType = "com.apple.product-type.bundle.unit-test";
		};
		1530BF722DD4101C0050E8B6 /* PaperclipUITests */ = {
			isa = PBXNativeTarget;
			buildConfigurationList = 1530BF832DD4101C0050E8B6 /* Build configuration list for PBXNativeTarget "PaperclipUITests" */;
			buildPhases = (
				1530BF6F2DD4101C0050E8B6 /* Sources */,
				1530BF702DD4101C0050E8B6 /* Frameworks */,
				1530BF712DD4101C0050E8B6 /* Resources */,
			);
			buildRules = (
			);
			dependencies = (
				1530BF752DD4101C0050E8B6 /* PBXTargetDependency */,
			);
			fileSystemSynchronizedGroups = (
				1530BF762DD4101C0050E8B6 /* PaperclipUITests */,
			);
			name = PaperclipUITests;
			packageProductDependencies = (
			);
			productName = PaperclipUITests;
			productReference = 1530BF732DD4101C0050E8B6 /* PaperclipUITests.xctest */;
			productType = "com.apple.product-type.bundle.ui-testing";
		};
/* End PBXNativeTarget section */

/* Begin PBXProject section */
		1530BF4F2DD4101B0050E8B6 /* Project object */ = {
			isa = PBXProject;
			attributes = {
				BuildIndependentTargetsInParallel = 1;
				LastSwiftUpdateCheck = 1630;
				LastUpgradeCheck = 1630;
				TargetAttributes = {
					1530BF562DD4101B0050E8B6 = {
						CreatedOnToolsVersion = 16.3;
					};
					1530BF682DD4101C0050E8B6 = {
						CreatedOnToolsVersion = 16.3;
						TestTargetID = 1530BF562DD4101B0050E8B6;
					};
					1530BF722DD4101C0050E8B6 = {
						CreatedOnToolsVersion = 16.3;
						TestTargetID = 1530BF562DD4101B0050E8B6;
					};
				};
			};
			buildConfigurationList = 1530BF522DD4101B0050E8B6 /* Build configuration list for PBXProject "Paperclip" */;
			developmentRegion = en;
			hasScannedForEncodings = 0;
			knownRegions = (
				en,
				Base,
			);
			mainGroup = 1530BF4E2DD4101B0050E8B6;
			minimizedProjectReferenceProxies = 1;
			preferredProjectObjectVersion = 77;
			productRefGroup = 1530BF582DD4101B0050E8B6 /* Products */;
			projectDirPath = "";
			projectRoot = "";
			targets = (
				1530BF562DD4101B0050E8B6 /* Paperclip */,
				1530BF682DD4101C0050E8B6 /* PaperclipTests */,
				1530BF722DD4101C0050E8B6 /* PaperclipUITests */,
			);
		};
/* End PBXProject section */

/* Begin PBXResourcesBuildPhase section */
		1530BF552DD4101B0050E8B6 /* Resources */ = {
			isa = PBXResourcesBuildPhase;
			buildActionMask = 2147483647;
			files = (
			);
			runOnlyForDeploymentPostprocessing = 0;
		};
		1530BF672DD4101C0050E8B6 /* Resources */ = {
			isa = PBXResourcesBuildPhase;
			buildActionMask = 2147483647;
			files = (
			);
			runOnlyForDeploymentPostprocessing = 0;
		};
		1530BF712DD4101C0050E8B6 /* Resources */ = {
			isa = PBXResourcesBuildPhase;
			buildActionMask = 2147483647;
			files = (
			);
			runOnlyForDeploymentPostprocessing = 0;
		};
/* End PBXResourcesBuildPhase section */

/* Begin PBXSourcesBuildPhase section */
		1530BF532DD4101B0050E8B6 /* Sources */ = {
			isa = PBXSourcesBuildPhase;
			buildActionMask = 2147483647;
			files = (
			);
			runOnlyForDeploymentPostprocessing = 0;
		};
		1530BF652DD4101C0050E8B6 /* Sources */ = {
			isa = PBXSourcesBuildPhase;
			buildActionMask = 2147483647;
			files = (
			);
			runOnlyForDeploymentPostprocessing = 0;
		};
		1530BF6F2DD4101C0050E8B6 /* Sources */ = {
			isa = PBXSourcesBuildPhase;
			buildActionMask = 2147483647;
			files = (
			);
			runOnlyForDeploymentPostprocessing = 0;
		};
/* End PBXSourcesBuildPhase section */

/* Begin PBXTargetDependency section */
		1530BF6B2DD4101C0050E8B6 /* PBXTargetDependency */ = {
			isa = PBXTargetDependency;
			target = 1530BF562DD4101B0050E8B6 /* Paperclip */;
			targetProxy = 1530BF6A2DD4101C0050E8B6 /* PBXContainerItemProxy */;
		};
		1530BF752DD4101C0050E8B6 /* PBXTargetDependency */ = {
			isa = PBXTargetDependency;
			target = 1530BF562DD4101B0050E8B6 /* Paperclip */;
			targetProxy = 1530BF742DD4101C0050E8B6 /* PBXContainerItemProxy */;
		};
/* End PBXTargetDependency section */

/* Begin XCBuildConfiguration section */
		1530BF7B2DD4101C0050E8B6 /* Debug */ = {
			isa = XCBuildConfiguration;
			buildSettings = {
				ALWAYS_SEARCH_USER_PATHS = NO;
				ASSETCATALOG_COMPILER_GENERATE_SWIFT_ASSET_SYMBOL_EXTENSIONS = YES;
				CLANG_ANALYZER_NONNULL = YES;
				CLANG_ANALYZER_NUMBER_OBJECT_CONVERSION = YES_AGGRESSIVE;
				CLANG_CXX_LANGUAGE_STANDARD = "gnu++20";
				CLANG_ENABLE_MODULES = YES;
				CLANG_ENABLE_OBJC_ARC = YES;
				CLANG_ENABLE_OBJC_WEAK = YES;
				CLANG_WARN_BLOCK_CAPTURE_AUTORELEASING = YES;
				CLANG_WARN_BOOL_CONVERSION = YES;
				CLANG_WARN_COMMA = YES;
				CLANG_WARN_CONSTANT_CONVERSION = YES;
				CLANG_WARN_DEPRECATED_OBJC_IMPLEMENTATIONS = YES;
				CLANG_WARN_DIRECT_OBJC_ISA_USAGE = YES_ERROR;
				CLANG_WARN_DOCUMENTATION_COMMENTS = YES;
				CLANG_WARN_EMPTY_BODY = YES;
				CLANG_WARN_ENUM_CONVERSION = YES;
				CLANG_WARN_INFINITE_RECURSION = YES;
				CLANG_WARN_INT_CONVERSION = YES;
				CLANG_WARN_NON_LITERAL_NULL_CONVERSION = YES;
				CLANG_WARN_OBJC_IMPLICIT_RETAIN_SELF = YES;
				CLANG_WARN_OBJC_LITERAL_CONVERSION = YES;
				CLANG_WARN_OBJC_ROOT_CLASS = YES_ERROR;
				CLANG_WARN_QUOTED_INCLUDE_IN_FRAMEWORK_HEADER = YES;
				CLANG_WARN_RANGE_LOOP_ANALYSIS = YES;
				CLANG_WARN_STRICT_PROTOTYPES = YES;
				CLANG_WARN_SUSPICIOUS_MOVE = YES;
				CLANG_WARN_UNGUARDED_AVAILABILITY = YES_AGGRESSIVE;
				CLANG_WARN_UNREACHABLE_CODE = YES;
				CLANG_WARN__DUPLICATE_METHOD_MATCH = YES;
				COPY_PHASE_STRIP = NO;
				DEBUG_INFORMATION_FORMAT = dwarf;
				DEVELOPMENT_TEAM = TYSB536CZG;
				ENABLE_STRICT_OBJC_MSGSEND = YES;
				ENABLE_TESTABILITY = YES;
				ENABLE_USER_SCRIPT_SANDBOXING = YES;
				GCC_C_LANGUAGE_STANDARD = gnu17;
				GCC_DYNAMIC_NO_PIC = NO;
				GCC_NO_COMMON_BLOCKS = YES;
				GCC_OPTIMIZATION_LEVEL = 0;
				GCC_PREPROCESSOR_DEFINITIONS = (
					"DEBUG=1",
					"$(inherited)",
				);
				GCC_WARN_64_TO_32_BIT_CONVERSION = YES;
				GCC_WARN_ABOUT_RETURN_TYPE = YES_ERROR;
				GCC_WARN_UNDECLARED_SELECTOR = YES;
				GCC_WARN_UNINITIALIZED_AUTOS = YES_AGGRESSIVE;
				GCC_WARN_UNUSED_FUNCTION = YES;
				GCC_WARN_UNUSED_VARIABLE = YES;
				IPHONEOS_DEPLOYMENT_TARGET = 18.4;
				LOCALIZATION_PREFERS_STRING_CATALOGS = YES;
				MTL_ENABLE_DEBUG_INFO = INCLUDE_SOURCE;
				MTL_FAST_MATH = YES;
				ONLY_ACTIVE_ARCH = YES;
				SDKROOT = iphoneos;
				SWIFT_ACTIVE_COMPILATION_CONDITIONS = "DEBUG $(inherited)";
				SWIFT_OPTIMIZATION_LEVEL = "-Onone";
			};
			name = Debug;
		};
		1530BF7C2DD4101C0050E8B6 /* Release */ = {
			isa = XCBuildConfiguration;
			buildSettings = {
				ALWAYS_SEARCH_USER_PATHS = NO;
				ASSETCATALOG_COMPILER_GENERATE_SWIFT_ASSET_SYMBOL_EXTENSIONS = YES;
				CLANG_ANALYZER_NONNULL = YES;
				CLANG_ANALYZER_NUMBER_OBJECT_CONVERSION = YES_AGGRESSIVE;
				CLANG_CXX_LANGUAGE_STANDARD = "gnu++20";
				CLANG_ENABLE_MODULES = YES;
				CLANG_ENABLE_OBJC_ARC = YES;
				CLANG_ENABLE_OBJC_WEAK = YES;
				CLANG_WARN_BLOCK_CAPTURE_AUTORELEASING = YES;
				CLANG_WARN_BOOL_CONVERSION = YES;
				CLANG_WARN_COMMA = YES;
				CLANG_WARN_CONSTANT_CONVERSION = YES;
				CLANG_WARN_DEPRECATED_OBJC_IMPLEMENTATIONS = YES;
				CLANG_WARN_DIRECT_OBJC_ISA_USAGE = YES_ERROR;
				CLANG_WARN_DOCUMENTATION_COMMENTS = YES;
				CLANG_WARN_EMPTY_BODY = YES;
				CLANG_WARN_ENUM_CONVERSION = YES;
				CLANG_WARN_INFINITE_RECURSION = YES;
				CLANG_WARN_INT_CONVERSION = YES;
				CLANG_WARN_NON_LITERAL_NULL_CONVERSION = YES;
				CLANG_WARN_OBJC_IMPLICIT_RETAIN_SELF = YES;
				CLANG_WARN_OBJC_LITERAL_CONVERSION = YES;
				CLANG_WARN_OBJC_ROOT_CLASS = YES_ERROR;
				CLANG_WARN_QUOTED_INCLUDE_IN_FRAMEWORK_HEADER = YES;
				CLANG_WARN_RANGE_LOOP_ANALYSIS = YES;
				CLANG_WARN_STRICT_PROTOTYPES = YES;
				CLANG_WARN_SUSPICIOUS_MOVE = YES;
				CLANG_WARN_UNGUARDED_AVAILABILITY = YES_AGGRESSIVE;
				CLANG_WARN_UNREACHABLE_CODE = YES;
				CLANG_WARN__DUPLICATE_METHOD_MATCH = YES;
				COPY_PHASE_STRIP = NO;
				DEBUG_INFORMATION_FORMAT = "dwarf-with-dsym";
				DEVELOPMENT_TEAM = TYSB536CZG;
				ENABLE_NS_ASSERTIONS = NO;
				ENABLE_STRICT_OBJC_MSGSEND = YES;
				ENABLE_USER_SCRIPT_SANDBOXING = YES;
				GCC_C_LANGUAGE_STANDARD = gnu17;
				GCC_NO_COMMON_BLOCKS = YES;
				GCC_WARN_64_TO_32_BIT_CONVERSION = YES;
				GCC_WARN_ABOUT_RETURN_TYPE = YES_ERROR;
				GCC_WARN_UNDECLARED_SELECTOR = YES;
				GCC_WARN_UNINITIALIZED_AUTOS = YES_AGGRESSIVE;
				GCC_WARN_UNUSED_FUNCTION = YES;
				GCC_WARN_UNUSED_VARIABLE = YES;
				IPHONEOS_DEPLOYMENT_TARGET = 18.4;
				LOCALIZATION_PREFERS_STRING_CATALOGS = YES;
				MTL_ENABLE_DEBUG_INFO = NO;
				MTL_FAST_MATH = YES;
				SDKROOT = iphoneos;
				SWIFT_COMPILATION_MODE = wholemodule;
				VALIDATE_PRODUCT = YES;
			};
			name = Release;
		};
		1530BF7E2DD4101C0050E8B6 /* Debug */ = {
			isa = XCBuildConfiguration;
			buildSettings = {
				ASSETCATALOG_COMPILER_APPICON_NAME = AppIcon;
				ASSETCATALOG_COMPILER_GLOBAL_ACCENT_COLOR_NAME = AccentColor;
				CODE_SIGN_STYLE = Automatic;
				CURRENT_PROJECT_VERSION = 1;
				DEVELOPMENT_TEAM = TYSB536CZG;
				ENABLE_PREVIEWS = YES;
				GENERATE_INFOPLIST_FILE = YES;
				INFOPLIST_KEY_LSApplicationCategoryType = "public.app-category.utilities";
				INFOPLIST_KEY_UIApplicationSceneManifest_Generation = YES;
				INFOPLIST_KEY_UIApplicationSupportsIndirectInputEvents = YES;
				INFOPLIST_KEY_UILaunchScreen_Generation = YES;
				INFOPLIST_KEY_UISupportedInterfaceOrientations_iPad = "UIInterfaceOrientationPortrait UIInterfaceOrientationPortraitUpsideDown UIInterfaceOrientationLandscapeLeft UIInterfaceOrientationLandscapeRight";
				INFOPLIST_KEY_UISupportedInterfaceOrientations_iPhone = "UIInterfaceOrientationPortrait UIInterfaceOrientationLandscapeLeft UIInterfaceOrientationLandscapeRight";
				IPHONEOS_DEPLOYMENT_TARGET = 16;
				LD_RUNPATH_SEARCH_PATHS = (
					"$(inherited)",
					"@executable_path/Frameworks",
				);
				MARKETING_VERSION = beta;
				PRODUCT_BUNDLE_IDENTIFIER = com.brunovalente.Paperclip;
				PRODUCT_NAME = "$(TARGET_NAME)";
				SUPPORTED_PLATFORMS = "iphoneos iphonesimulator";
				SUPPORTS_MACCATALYST = NO;
				SUPPORTS_MAC_DESIGNED_FOR_IPHONE_IPAD = NO;
				SUPPORTS_XR_DESIGNED_FOR_IPHONE_IPAD = NO;
				SWIFT_EMIT_LOC_STRINGS = YES;
				SWIFT_VERSION = 5.0;
				TARGETED_DEVICE_FAMILY = "1,2";
			};
			name = Debug;
		};
		1530BF7F2DD4101C0050E8B6 /* Release */ = {
			isa = XCBuildConfiguration;
			buildSettings = {
				ASSETCATALOG_COMPILER_APPICON_NAME = AppIcon;
				ASSETCATALOG_COMPILER_GLOBAL_ACCENT_COLOR_NAME = AccentColor;
				CODE_SIGN_STYLE = Automatic;
				CURRENT_PROJECT_VERSION = 1;
				DEVELOPMENT_TEAM = TYSB536CZG;
				ENABLE_PREVIEWS = YES;
				GENERATE_INFOPLIST_FILE = YES;
				INFOPLIST_KEY_LSApplicationCategoryType = "public.app-category.utilities";
				INFOPLIST_KEY_UIApplicationSceneManifest_Generation = YES;
				INFOPLIST_KEY_UIApplicationSupportsIndirectInputEvents = YES;
				INFOPLIST_KEY_UILaunchScreen_Generation = YES;
				INFOPLIST_KEY_UISupportedInterfaceOrientations_iPad = "UIInterfaceOrientationPortrait UIInterfaceOrientationPortraitUpsideDown UIInterfaceOrientationLandscapeLeft UIInterfaceOrientationLandscapeRight";
				INFOPLIST_KEY_UISupportedInterfaceOrientations_iPhone = "UIInterfaceOrientationPortrait UIInterfaceOrientationLandscapeLeft UIInterfaceOrientationLandscapeRight";
				IPHONEOS_DEPLOYMENT_TARGET = 16;
				LD_RUNPATH_SEARCH_PATHS = (
					"$(inherited)",
					"@executable_path/Frameworks",
				);
				MARKETING_VERSION = beta;
				PRODUCT_BUNDLE_IDENTIFIER = com.brunovalente.Paperclip;
				PRODUCT_NAME = "$(TARGET_NAME)";
				SUPPORTED_PLATFORMS = "iphoneos iphonesimulator";
				SUPPORTS_MACCATALYST = NO;
				SUPPORTS_MAC_DESIGNED_FOR_IPHONE_IPAD = NO;
				SUPPORTS_XR_DESIGNED_FOR_IPHONE_IPAD = NO;
				SWIFT_EMIT_LOC_STRINGS = YES;
				SWIFT_VERSION = 5.0;
				TARGETED_DEVICE_FAMILY = "1,2";
			};
			name = Release;
		};
		1530BF812DD4101C0050E8B6 /* Debug */ = {
			isa = XCBuildConfiguration;
			buildSettings = {
				BUNDLE_LOADER = "$(TEST_HOST)";
				CODE_SIGN_STYLE = Automatic;
				CURRENT_PROJECT_VERSION = 1;
				DEVELOPMENT_TEAM = TYSB536CZG;
				GENERATE_INFOPLIST_FILE = YES;
				IPHONEOS_DEPLOYMENT_TARGET = 18.4;
				MARKETING_VERSION = 1.0;
				PRODUCT_BUNDLE_IDENTIFIER = com.brunovalente.PaperclipTests;
				PRODUCT_NAME = "$(TARGET_NAME)";
				SWIFT_EMIT_LOC_STRINGS = NO;
				SWIFT_VERSION = 5.0;
				TARGETED_DEVICE_FAMILY = "1,2";
				TEST_HOST = "$(BUILT_PRODUCTS_DIR)/Paperclip.app/$(BUNDLE_EXECUTABLE_FOLDER_PATH)/Paperclip";
			};
			name = Debug;
		};
		1530BF822DD4101C0050E8B6 /* Release */ = {
			isa = XCBuildConfiguration;
			buildSettings = {
				BUNDLE_LOADER = "$(TEST_HOST)";
				CODE_SIGN_STYLE = Automatic;
				CURRENT_PROJECT_VERSION = 1;
				DEVELOPMENT_TEAM = TYSB536CZG;
				GENERATE_INFOPLIST_FILE = YES;
				IPHONEOS_DEPLOYMENT_TARGET = 18.4;
				MARKETING_VERSION = 1.0;
				PRODUCT_BUNDLE_IDENTIFIER = com.brunovalente.PaperclipTests;
				PRODUCT_NAME = "$(TARGET_NAME)";
				SWIFT_EMIT_LOC_STRINGS = NO;
				SWIFT_VERSION = 5.0;
				TARGETED_DEVICE_FAMILY = "1,2";
				TEST_HOST = "$(BUILT_PRODUCTS_DIR)/Paperclip.app/$(BUNDLE_EXECUTABLE_FOLDER_PATH)/Paperclip";
			};
			name = Release;
		};
		1530BF842DD4101C0050E8B6 /* Debug */ = {
			isa = XCBuildConfiguration;
			buildSettings = {
				CODE_SIGN_STYLE = Automatic;
				CURRENT_PROJECT_VERSION = 1;
				DEVELOPMENT_TEAM = TYSB536CZG;
				GENERATE_INFOPLIST_FILE = YES;
				MARKETING_VERSION = 1.0;
				PRODUCT_BUNDLE_IDENTIFIER = com.brunovalente.PaperclipUITests;
				PRODUCT_NAME = "$(TARGET_NAME)";
				SWIFT_EMIT_LOC_STRINGS = NO;
				SWIFT_VERSION = 5.0;
				TARGETED_DEVICE_FAMILY = "1,2";
				TEST_TARGET_NAME = Paperclip;
			};
			name = Debug;
		};
		1530BF852DD4101C0050E8B6 /* Release */ = {
			isa = XCBuildConfiguration;
			buildSettings = {
				CODE_SIGN_STYLE = Automatic;
				CURRENT_PROJECT_VERSION = 1;
				DEVELOPMENT_TEAM = TYSB536CZG;
				GENERATE_INFOPLIST_FILE = YES;
				MARKETING_VERSION = 1.0;
				PRODUCT_BUNDLE_IDENTIFIER = com.brunovalente.PaperclipUITests;
				PRODUCT_NAME = "$(TARGET_NAME)";
				SWIFT_EMIT_LOC_STRINGS = NO;
				SWIFT_VERSION = 5.0;
				TARGETED_DEVICE_FAMILY = "1,2";
				TEST_TARGET_NAME = Paperclip;
			};
			name = Release;
		};
/* End XCBuildConfiguration section */

/* Begin XCConfigurationList section */
		1530BF522DD4101B0050E8B6 /* Build configuration list for PBXProject "Paperclip" */ = {
			isa = XCConfigurationList;
			buildConfigurations = (
				1530BF7B2DD4101C0050E8B6 /* Debug */,
				1530BF7C2DD4101C0050E8B6 /* Release */,
			);
			defaultConfigurationIsVisible = 0;
			defaultConfigurationName = Release;
		};
		1530BF7D2DD4101C0050E8B6 /* Build configuration list for PBXNativeTarget "Paperclip" */ = {
			isa = XCConfigurationList;
			buildConfigurations = (
				1530BF7E2DD4101C0050E8B6 /* Debug */,
				1530BF7F2DD4101C0050E8B6 /* Release */,
			);
			defaultConfigurationIsVisible = 0;
			defaultConfigurationName = Release;
		};
		1530BF802DD4101C0050E8B6 /* Build configuration list for PBXNativeTarget "PaperclipTests" */ = {
			isa = XCConfigurationList;
			buildConfigurations = (
				1530BF812DD4101C0050E8B6 /* Debug */,
				1530BF822DD4101C0050E8B6 /* Release */,
			);
			defaultConfigurationIsVisible = 0;
			defaultConfigurationName = Release;
		};
		1530BF832DD4101C0050E8B6 /* Build configuration list for PBXNativeTarget "PaperclipUITests" */ = {
			isa = XCConfigurationList;
			buildConfigurations = (
				1530BF842DD4101C0050E8B6 /* Debug */,
				1530BF852DD4101C0050E8B6 /* Release */,
			);
			defaultConfigurationIsVisible = 0;
			defaultConfigurationName = Release;
		};
/* End XCConfigurationList section */
	};
	rootObject = 1530BF4F2DD4101B0050E8B6 /* Project object */;
}
