// !$*UTF8*$!
{
	archiveVersion = 1;
	classes = {
	};
	objectVersion = 77;
	objects = {

/* Begin PBXContainerItemProxy section */
		151506CB2DCA4FC60081328B /* PBXContainerItemProxy */ = {
			isa = PBXContainerItemProxy;
			containerPortal = 151506B02DCA4FC30081328B /* Project object */;
			proxyType = 1;
			remoteGlobalIDString = 151506B72DCA4FC40081328B;
			remoteInfo = lebocoin;
		};
		151506D52DCA4FC60081328B /* PBXContainerItemProxy */ = {
			isa = PBXContainerItemProxy;
			containerPortal = 151506B02DCA4FC30081328B /* Project object */;
			proxyType = 1;
			remoteGlobalIDString = 151506B72DCA4FC40081328B;
			remoteInfo = lebocoin;
		};
/* End PBXContainerItemProxy section */

/* Begin PBXFileReference section */
		151506B82DCA4FC40081328B /* leboncoinPaperClip.app */ = {isa = PBXFileReference; explicitFileType = wrapper.application; includeInIndex = 0; path = leboncoinPaperClip.app; sourceTree = BUILT_PRODUCTS_DIR; };
		151506CA2DCA4FC60081328B /* leboncoinPaperClipTests.xctest */ = {isa = PBXFileReference; explicitFileType = wrapper.cfbundle; includeInIndex = 0; path = leboncoinPaperClipTests.xctest; sourceTree = BUILT_PRODUCTS_DIR; };
		151506D42DCA4FC60081328B /* leboncoinPaperClipUITests.xctest */ = {isa = PBXFileReference; explicitFileType = wrapper.cfbundle; includeInIndex = 0; path = leboncoinPaperClipUITests.xctest; sourceTree = BUILT_PRODUCTS_DIR; };
/* End PBXFileReference section */

/* Begin PBXFileSystemSynchronizedRootGroup section */
		151506BA2DCA4FC40081328B /* lebocoin */ = {
			isa = PBXFileSystemSynchronizedRootGroup;
			path = lebocoin;
			sourceTree = "<group>";
		};
		151506CD2DCA4FC60081328B /* lebocoinTests */ = {
			isa = PBXFileSystemSynchronizedRootGroup;
			path = lebocoinTests;
			sourceTree = "<group>";
		};
		151506D72DCA4FC60081328B /* lebocoinUITests */ = {
			isa = PBXFileSystemSynchronizedRootGroup;
			path = lebocoinUITests;
			sourceTree = "<group>";
		};
/* End PBXFileSystemSynchronizedRootGroup section */

/* Begin PBXFrameworksBuildPhase section */
		151506B52DCA4FC40081328B /* Frameworks */ = {
			isa = PBXFrameworksBuildPhase;
			buildActionMask = 2147483647;
			files = (
			);
			runOnlyForDeploymentPostprocessing = 0;
		};
		151506C72DCA4FC60081328B /* Frameworks */ = {
			isa = PBXFrameworksBuildPhase;
			buildActionMask = 2147483647;
			files = (
			);
			runOnlyForDeploymentPostprocessing = 0;
		};
		151506D12DCA4FC60081328B /* Frameworks */ = {
			isa = PBXFrameworksBuildPhase;
			buildActionMask = 2147483647;
			files = (
			);
			runOnlyForDeploymentPostprocessing = 0;
		};
/* End PBXFrameworksBuildPhase section */

/* Begin PBXGroup section */
		151506AF2DCA4FC30081328B = {
			isa = PBXGroup;
			children = (
				151506BA2DCA4FC40081328B /* lebocoin */,
				151506CD2DCA4FC60081328B /* lebocoinTests */,
				151506D72DCA4FC60081328B /* lebocoinUITests */,
				151506B92DCA4FC40081328B /* Products */,
			);
			sourceTree = "<group>";
		};
		151506B92DCA4FC40081328B /* Products */ = {
			isa = PBXGroup;
			children = (
				151506B82DCA4FC40081328B /* leboncoinPaperClip.app */,
				151506CA2DCA4FC60081328B /* leboncoinPaperClipTests.xctest */,
				151506D42DCA4FC60081328B /* leboncoinPaperClipUITests.xctest */,
			);
			name = Products;
			sourceTree = "<group>";
		};
/* End PBXGroup section */

/* Begin PBXNativeTarget section */
		151506B72DCA4FC40081328B /* leboncoinPaperClip */ = {
			isa = PBXNativeTarget;
			buildConfigurationList = 151506DE2DCA4FC60081328B /* Build configuration list for PBXNativeTarget "leboncoinPaperClip" */;
			buildPhases = (
				151506B42DCA4FC40081328B /* Sources */,
				151506B52DCA4FC40081328B /* Frameworks */,
				151506B62DCA4FC40081328B /* Resources */,
			);
			buildRules = (
			);
			dependencies = (
			);
			fileSystemSynchronizedGroups = (
				151506BA2DCA4FC40081328B /* lebocoin */,
			);
			name = leboncoinPaperClip;
			packageProductDependencies = (
			);
			productName = lebocoin;
			productReference = 151506B82DCA4FC40081328B /* leboncoinPaperClip.app */;
			productType = "com.apple.product-type.application";
		};
		151506C92DCA4FC60081328B /* leboncoinPaperClipTests */ = {
			isa = PBXNativeTarget;
			buildConfigurationList = 151506E12DCA4FC60081328B /* Build configuration list for PBXNativeTarget "leboncoinPaperClipTests" */;
			buildPhases = (
				151506C62DCA4FC60081328B /* Sources */,
				151506C72DCA4FC60081328B /* Frameworks */,
				151506C82DCA4FC60081328B /* Resources */,
			);
			buildRules = (
			);
			dependencies = (
				151506CC2DCA4FC60081328B /* PBXTargetDependency */,
			);
			fileSystemSynchronizedGroups = (
				151506CD2DCA4FC60081328B /* lebocoinTests */,
			);
			name = leboncoinPaperClipTests;
			packageProductDependencies = (
			);
			productName = lebocoinTests;
			productReference = 151506CA2DCA4FC60081328B /* leboncoinPaperClipTests.xctest */;
			productType = "com.apple.product-type.bundle.unit-test";
		};
		151506D32DCA4FC60081328B /* leboncoinPaperClipUITests */ = {
			isa = PBXNativeTarget;
			buildConfigurationList = 151506E42DCA4FC60081328B /* Build configuration list for PBXNativeTarget "leboncoinPaperClipUITests" */;
			buildPhases = (
				151506D02DCA4FC60081328B /* Sources */,
				151506D12DCA4FC60081328B /* Frameworks */,
				151506D22DCA4FC60081328B /* Resources */,
			);
			buildRules = (
			);
			dependencies = (
				151506D62DCA4FC60081328B /* PBXTargetDependency */,
			);
			fileSystemSynchronizedGroups = (
				151506D72DCA4FC60081328B /* lebocoinUITests */,
			);
			name = leboncoinPaperClipUITests;
			packageProductDependencies = (
			);
			productName = lebocoinUITests;
			productReference = 151506D42DCA4FC60081328B /* leboncoinPaperClipUITests.xctest */;
			productType = "com.apple.product-type.bundle.ui-testing";
		};
/* End PBXNativeTarget section */

/* Begin PBXProject section */
		151506B02DCA4FC30081328B /* Project object */ = {
			isa = PBXProject;
			attributes = {
				BuildIndependentTargetsInParallel = 1;
				LastSwiftUpdateCheck = 1630;
				LastUpgradeCheck = 1630;
				TargetAttributes = {
					151506B72DCA4FC40081328B = {
						CreatedOnToolsVersion = 16.3;
					};
					151506C92DCA4FC60081328B = {
						CreatedOnToolsVersion = 16.3;
						TestTargetID = 151506B72DCA4FC40081328B;
					};
					151506D32DCA4FC60081328B = {
						CreatedOnToolsVersion = 16.3;
						TestTargetID = 151506B72DCA4FC40081328B;
					};
				};
			};
			buildConfigurationList = 151506B32DCA4FC40081328B /* Build configuration list for PBXProject "leboncoinPaperClip" */;
			developmentRegion = en;
			hasScannedForEncodings = 0;
			knownRegions = (
				en,
				Base,
			);
			mainGroup = 151506AF2DCA4FC30081328B;
			minimizedProjectReferenceProxies = 1;
			preferredProjectObjectVersion = 77;
			productRefGroup = 151506B92DCA4FC40081328B /* Products */;
			projectDirPath = "";
			projectRoot = "";
			targets = (
				151506B72DCA4FC40081328B /* leboncoinPaperClip */,
				151506C92DCA4FC60081328B /* leboncoinPaperClipTests */,
				151506D32DCA4FC60081328B /* leboncoinPaperClipUITests */,
			);
		};
/* End PBXProject section */

/* Begin PBXResourcesBuildPhase section */
		151506B62DCA4FC40081328B /* Resources */ = {
			isa = PBXResourcesBuildPhase;
			buildActionMask = 2147483647;
			files = (
			);
			runOnlyForDeploymentPostprocessing = 0;
		};
		151506C82DCA4FC60081328B /* Resources */ = {
			isa = PBXResourcesBuildPhase;
			buildActionMask = 2147483647;
			files = (
			);
			runOnlyForDeploymentPostprocessing = 0;
		};
		151506D22DCA4FC60081328B /* Resources */ = {
			isa = PBXResourcesBuildPhase;
			buildActionMask = 2147483647;
			files = (
			);
			runOnlyForDeploymentPostprocessing = 0;
		};
/* End PBXResourcesBuildPhase section */

/* Begin PBXSourcesBuildPhase section */
		151506B42DCA4FC40081328B /* Sources */ = {
			isa = PBXSourcesBuildPhase;
			buildActionMask = 2147483647;
			files = (
			);
			runOnlyForDeploymentPostprocessing = 0;
		};
		151506C62DCA4FC60081328B /* Sources */ = {
			isa = PBXSourcesBuildPhase;
			buildActionMask = 2147483647;
			files = (
			);
			runOnlyForDeploymentPostprocessing = 0;
		};
		151506D02DCA4FC60081328B /* Sources */ = {
			isa = PBXSourcesBuildPhase;
			buildActionMask = 2147483647;
			files = (
			);
			runOnlyForDeploymentPostprocessing = 0;
		};
/* End PBXSourcesBuildPhase section */

/* Begin PBXTargetDependency section */
		151506CC2DCA4FC60081328B /* PBXTargetDependency */ = {
			isa = PBXTargetDependency;
			target = 151506B72DCA4FC40081328B /* leboncoinPaperClip */;
			targetProxy = 151506CB2DCA4FC60081328B /* PBXContainerItemProxy */;
		};
		151506D62DCA4FC60081328B /* PBXTargetDependency */ = {
			isa = PBXTargetDependency;
			target = 151506B72DCA4FC40081328B /* leboncoinPaperClip */;
			targetProxy = 151506D52DCA4FC60081328B /* PBXContainerItemProxy */;
		};
/* End PBXTargetDependency section */

/* Begin XCBuildConfiguration section */
		151506DC2DCA4FC60081328B /* Debug */ = {
			isa = XCBuildConfiguration;
			buildSettings = {
				ALWAYS_SEARCH_USER_PATHS = NO;
				ASSETCATALOG_COMPILER_GENERATE_SWIFT_ASSET_SYMBOL_EXTENSIONS = YES;
				CLANG_ANALYZER_NONNULL = YES;
				CLANG_ANALYZER_NUMBER_OBJECT_CONVERSION = YES_AGGRESSIVE;
				CLANG_CXX_LANGUAGE_STANDARD = "gnu++20";
				CLANG_ENABLE_MODULES = YES;
				CLANG_ENABLE_OBJC_ARC = YES;
				CLANG_ENABLE_OBJC_WEAK = YES;
				CLANG_WARN_BLOCK_CAPTURE_AUTORELEASING = YES;
				CLANG_WARN_BOOL_CONVERSION = YES;
				CLANG_WARN_COMMA = YES;
				CLANG_WARN_CONSTANT_CONVERSION = YES;
				CLANG_WARN_DEPRECATED_OBJC_IMPLEMENTATIONS = YES;
				CLANG_WARN_DIRECT_OBJC_ISA_USAGE = YES_ERROR;
				CLANG_WARN_DOCUMENTATION_COMMENTS = YES;
				CLANG_WARN_EMPTY_BODY = YES;
				CLANG_WARN_ENUM_CONVERSION = YES;
				CLANG_WARN_INFINITE_RECURSION = YES;
				CLANG_WARN_INT_CONVERSION = YES;
				CLANG_WARN_NON_LITERAL_NULL_CONVERSION = YES;
				CLANG_WARN_OBJC_IMPLICIT_RETAIN_SELF = YES;
				CLANG_WARN_OBJC_LITERAL_CONVERSION = YES;
				CLANG_WARN_OBJC_ROOT_CLASS = YES_ERROR;
				CLANG_WARN_QUOTED_INCLUDE_IN_FRAMEWORK_HEADER = YES;
				CLANG_WARN_RANGE_LOOP_ANALYSIS = YES;
				CLANG_WARN_STRICT_PROTOTYPES = YES;
				CLANG_WARN_SUSPICIOUS_MOVE = YES;
				CLANG_WARN_UNGUARDED_AVAILABILITY = YES_AGGRESSIVE;
				CLANG_WARN_UNREACHABLE_CODE = YES;
				CLANG_WARN__DUPLICATE_METHOD_MATCH = YES;
				COPY_PHASE_STRIP = NO;
				DEBUG_INFORMATION_FORMAT = dwarf;
				DEVELOPMENT_TEAM = TYSB536CZG;
				ENABLE_STRICT_OBJC_MSGSEND = YES;
				ENABLE_TESTABILITY = YES;
				ENABLE_USER_SCRIPT_SANDBOXING = YES;
				GCC_C_LANGUAGE_STANDARD = gnu17;
				GCC_DYNAMIC_NO_PIC = NO;
				GCC_NO_COMMON_BLOCKS = YES;
				GCC_OPTIMIZATION_LEVEL = 0;
				GCC_PREPROCESSOR_DEFINITIONS = (
					"DEBUG=1",
					"$(inherited)",
				);
				GCC_WARN_64_TO_32_BIT_CONVERSION = YES;
				GCC_WARN_ABOUT_RETURN_TYPE = YES_ERROR;
				GCC_WARN_UNDECLARED_SELECTOR = YES;
				GCC_WARN_UNINITIALIZED_AUTOS = YES_AGGRESSIVE;
				GCC_WARN_UNUSED_FUNCTION = YES;
				GCC_WARN_UNUSED_VARIABLE = YES;
				IPHONEOS_DEPLOYMENT_TARGET = 18.4;
				LOCALIZATION_PREFERS_STRING_CATALOGS = YES;
				MTL_ENABLE_DEBUG_INFO = INCLUDE_SOURCE;
				MTL_FAST_MATH = YES;
				ONLY_ACTIVE_ARCH = YES;
				SDKROOT = iphoneos;
				SWIFT_ACTIVE_COMPILATION_CONDITIONS = "DEBUG $(inherited)";
				SWIFT_OPTIMIZATION_LEVEL = "-Onone";
			};
			name = Debug;
		};
		151506DD2DCA4FC60081328B /* Release */ = {
			isa = XCBuildConfiguration;
			buildSettings = {
				ALWAYS_SEARCH_USER_PATHS = NO;
				ASSETCATALOG_COMPILER_GENERATE_SWIFT_ASSET_SYMBOL_EXTENSIONS = YES;
				CLANG_ANALYZER_NONNULL = YES;
				CLANG_ANALYZER_NUMBER_OBJECT_CONVERSION = YES_AGGRESSIVE;
				CLANG_CXX_LANGUAGE_STANDARD = "gnu++20";
				CLANG_ENABLE_MODULES = YES;
				CLANG_ENABLE_OBJC_ARC = YES;
				CLANG_ENABLE_OBJC_WEAK = YES;
				CLANG_WARN_BLOCK_CAPTURE_AUTORELEASING = YES;
				CLANG_WARN_BOOL_CONVERSION = YES;
				CLANG_WARN_COMMA = YES;
				CLANG_WARN_CONSTANT_CONVERSION = YES;
				CLANG_WARN_DEPRECATED_OBJC_IMPLEMENTATIONS = YES;
				CLANG_WARN_DIRECT_OBJC_ISA_USAGE = YES_ERROR;
				CLANG_WARN_DOCUMENTATION_COMMENTS = YES;
				CLANG_WARN_EMPTY_BODY = YES;
				CLANG_WARN_ENUM_CONVERSION = YES;
				CLANG_WARN_INFINITE_RECURSION = YES;
				CLANG_WARN_INT_CONVERSION = YES;
				CLANG_WARN_NON_LITERAL_NULL_CONVERSION = YES;
				CLANG_WARN_OBJC_IMPLICIT_RETAIN_SELF = YES;
				CLANG_WARN_OBJC_LITERAL_CONVERSION = YES;
				CLANG_WARN_OBJC_ROOT_CLASS = YES_ERROR;
				CLANG_WARN_QUOTED_INCLUDE_IN_FRAMEWORK_HEADER = YES;
				CLANG_WARN_RANGE_LOOP_ANALYSIS = YES;
				CLANG_WARN_STRICT_PROTOTYPES = YES;
				CLANG_WARN_SUSPICIOUS_MOVE = YES;
				CLANG_WARN_UNGUARDED_AVAILABILITY = YES_AGGRESSIVE;
				CLANG_WARN_UNREACHABLE_CODE = YES;
				CLANG_WARN__DUPLICATE_METHOD_MATCH = YES;
				COPY_PHASE_STRIP = NO;
				DEBUG_INFORMATION_FORMAT = "dwarf-with-dsym";
				DEVELOPMENT_TEAM = TYSB536CZG;
				ENABLE_NS_ASSERTIONS = NO;
				ENABLE_STRICT_OBJC_MSGSEND = YES;
				ENABLE_USER_SCRIPT_SANDBOXING = YES;
				GCC_C_LANGUAGE_STANDARD = gnu17;
				GCC_NO_COMMON_BLOCKS = YES;
				GCC_WARN_64_TO_32_BIT_CONVERSION = YES;
				GCC_WARN_ABOUT_RETURN_TYPE = YES_ERROR;
				GCC_WARN_UNDECLARED_SELECTOR = YES;
				GCC_WARN_UNINITIALIZED_AUTOS = YES_AGGRESSIVE;
				GCC_WARN_UNUSED_FUNCTION = YES;
				GCC_WARN_UNUSED_VARIABLE = YES;
				IPHONEOS_DEPLOYMENT_TARGET = 18.4;
				LOCALIZATION_PREFERS_STRING_CATALOGS = YES;
				MTL_ENABLE_DEBUG_INFO = NO;
				MTL_FAST_MATH = YES;
				SDKROOT = iphoneos;
				SWIFT_COMPILATION_MODE = wholemodule;
				VALIDATE_PRODUCT = YES;
			};
			name = Release;
		};
		151506DF2DCA4FC60081328B /* Debug */ = {
			isa = XCBuildConfiguration;
			buildSettings = {
				ASSETCATALOG_COMPILER_APPICON_NAME = AppIcon;
				ASSETCATALOG_COMPILER_GLOBAL_ACCENT_COLOR_NAME = AccentColor;
				ASSETCATALOG_COMPILER_INCLUDE_ALL_APPICON_ASSETS = YES;
				CODE_SIGN_STYLE = Automatic;
				CURRENT_PROJECT_VERSION = 0.01;
				DEVELOPMENT_TEAM = TYSB536CZG;
				ENABLE_PREVIEWS = YES;
				GENERATE_INFOPLIST_FILE = YES;
				INFOPLIST_KEY_CFBundleDisplayName = PaperClip;
				INFOPLIST_KEY_LSApplicationCategoryType = "public.app-category.utilities";
				INFOPLIST_KEY_UIApplicationSceneManifest_Generation = YES;
				INFOPLIST_KEY_UIApplicationSupportsIndirectInputEvents = YES;
				INFOPLIST_KEY_UILaunchScreen_Generation = YES;
				INFOPLIST_KEY_UISupportedInterfaceOrientations = "UIInterfaceOrientationLandscapeLeft UIInterfaceOrientationLandscapeRight UIInterfaceOrientationPortrait UIInterfaceOrientationPortraitUpsideDown";
				IPHONEOS_DEPLOYMENT_TARGET = 16.6;
				LD_RUNPATH_SEARCH_PATHS = (
					"$(inherited)",
					"@executable_path/Frameworks",
				);
				MARKETING_VERSION = Beta;
				PRODUCT_BUNDLE_IDENTIFIER = com.brunovalente.lebocoin;
				PRODUCT_NAME = "$(TARGET_NAME)";
				SUPPORTED_PLATFORMS = "iphoneos iphonesimulator";
				SUPPORTS_MACCATALYST = NO;
				SUPPORTS_MAC_DESIGNED_FOR_IPHONE_IPAD = NO;
				SUPPORTS_XR_DESIGNED_FOR_IPHONE_IPAD = NO;
				SWIFT_EMIT_LOC_STRINGS = YES;
				SWIFT_VERSION = 5.0;
				TARGETED_DEVICE_FAMILY = "1,2";
			};
			name = Debug;
		};
		151506E02DCA4FC60081328B /* Release */ = {
			isa = XCBuildConfiguration;
			buildSettings = {
				ASSETCATALOG_COMPILER_APPICON_NAME = AppIcon;
				ASSETCATALOG_COMPILER_GLOBAL_ACCENT_COLOR_NAME = AccentColor;
				ASSETCATALOG_COMPILER_INCLUDE_ALL_APPICON_ASSETS = YES;
				CODE_SIGN_STYLE = Automatic;
				CURRENT_PROJECT_VERSION = 0.01;
				DEVELOPMENT_TEAM = TYSB536CZG;
				ENABLE_PREVIEWS = YES;
				GENERATE_INFOPLIST_FILE = YES;
				INFOPLIST_KEY_CFBundleDisplayName = PaperClip;
				INFOPLIST_KEY_LSApplicationCategoryType = "public.app-category.utilities";
				INFOPLIST_KEY_UIApplicationSceneManifest_Generation = YES;
				INFOPLIST_KEY_UIApplicationSupportsIndirectInputEvents = YES;
				INFOPLIST_KEY_UILaunchScreen_Generation = YES;
				INFOPLIST_KEY_UISupportedInterfaceOrientations = "UIInterfaceOrientationLandscapeLeft UIInterfaceOrientationLandscapeRight UIInterfaceOrientationPortrait UIInterfaceOrientationPortraitUpsideDown";
				IPHONEOS_DEPLOYMENT_TARGET = 16.6;
				LD_RUNPATH_SEARCH_PATHS = (
					"$(inherited)",
					"@executable_path/Frameworks",
				);
				MARKETING_VERSION = Beta;
				PRODUCT_BUNDLE_IDENTIFIER = com.brunovalente.lebocoin;
				PRODUCT_NAME = "$(TARGET_NAME)";
				SUPPORTED_PLATFORMS = "iphoneos iphonesimulator";
				SUPPORTS_MACCATALYST = NO;
				SUPPORTS_MAC_DESIGNED_FOR_IPHONE_IPAD = NO;
				SUPPORTS_XR_DESIGNED_FOR_IPHONE_IPAD = NO;
				SWIFT_EMIT_LOC_STRINGS = YES;
				SWIFT_VERSION = 5.0;
				TARGETED_DEVICE_FAMILY = "1,2";
			};
			name = Release;
		};
		151506E22DCA4FC60081328B /* Debug */ = {
			isa = XCBuildConfiguration;
			buildSettings = {
				BUNDLE_LOADER = "$(TEST_HOST)";
				CODE_SIGN_STYLE = Automatic;
				CURRENT_PROJECT_VERSION = 1;
				DEVELOPMENT_TEAM = TYSB536CZG;
				GENERATE_INFOPLIST_FILE = YES;
				IPHONEOS_DEPLOYMENT_TARGET = 18.4;
				MARKETING_VERSION = 1.0;
				PRODUCT_BUNDLE_IDENTIFIER = com.brunovalente.lebocoinTests;
				PRODUCT_NAME = "$(TARGET_NAME)";
				SWIFT_EMIT_LOC_STRINGS = NO;
				SWIFT_VERSION = 5.0;
				TARGETED_DEVICE_FAMILY = "1,2";
				TEST_HOST = "$(BUILT_PRODUCTS_DIR)/leboncoinPaperClip.app/$(BUNDLE_EXECUTABLE_FOLDER_PATH)/leboncoinPaperClip";
			};
			name = Debug;
		};
		151506E32DCA4FC60081328B /* Release */ = {
			isa = XCBuildConfiguration;
			buildSettings = {
				BUNDLE_LOADER = "$(TEST_HOST)";
				CODE_SIGN_STYLE = Automatic;
				CURRENT_PROJECT_VERSION = 1;
				DEVELOPMENT_TEAM = TYSB536CZG;
				GENERATE_INFOPLIST_FILE = YES;
				IPHONEOS_DEPLOYMENT_TARGET = 18.4;
				MARKETING_VERSION = 1.0;
				PRODUCT_BUNDLE_IDENTIFIER = com.brunovalente.lebocoinTests;
				PRODUCT_NAME = "$(TARGET_NAME)";
				SWIFT_EMIT_LOC_STRINGS = NO;
				SWIFT_VERSION = 5.0;
				TARGETED_DEVICE_FAMILY = "1,2";
				TEST_HOST = "$(BUILT_PRODUCTS_DIR)/leboncoinPaperClip.app/$(BUNDLE_EXECUTABLE_FOLDER_PATH)/leboncoinPaperClip";
			};
			name = Release;
		};
		151506E52DCA4FC60081328B /* Debug */ = {
			isa = XCBuildConfiguration;
			buildSettings = {
				CODE_SIGN_STYLE = Automatic;
				CURRENT_PROJECT_VERSION = 1;
				DEVELOPMENT_TEAM = TYSB536CZG;
				GENERATE_INFOPLIST_FILE = YES;
				MARKETING_VERSION = 1.0;
				PRODUCT_BUNDLE_IDENTIFIER = com.brunovalente.lebocoinUITests;
				PRODUCT_NAME = "$(TARGET_NAME)";
				SWIFT_EMIT_LOC_STRINGS = NO;
				SWIFT_VERSION = 5.0;
				TARGETED_DEVICE_FAMILY = "1,2";
				TEST_TARGET_NAME = lebocoin;
			};
			name = Debug;
		};
		151506E62DCA4FC60081328B /* Release */ = {
			isa = XCBuildConfiguration;
			buildSettings = {
				CODE_SIGN_STYLE = Automatic;
				CURRENT_PROJECT_VERSION = 1;
				DEVELOPMENT_TEAM = TYSB536CZG;
				GENERATE_INFOPLIST_FILE = YES;
				MARKETING_VERSION = 1.0;
				PRODUCT_BUNDLE_IDENTIFIER = com.brunovalente.lebocoinUITests;
				PRODUCT_NAME = "$(TARGET_NAME)";
				SWIFT_EMIT_LOC_STRINGS = NO;
				SWIFT_VERSION = 5.0;
				TARGETED_DEVICE_FAMILY = "1,2";
				TEST_TARGET_NAME = lebocoin;
			};
			name = Release;
		};
/* End XCBuildConfiguration section */

/* Begin XCConfigurationList section */
		151506B32DCA4FC40081328B /* Build configuration list for PBXProject "leboncoinPaperClip" */ = {
			isa = XCConfigurationList;
			buildConfigurations = (
				151506DC2DCA4FC60081328B /* Debug */,
				151506DD2DCA4FC60081328B /* Release */,
			);
			defaultConfigurationIsVisible = 0;
			defaultConfigurationName = Release;
		};
		151506DE2DCA4FC60081328B /* Build configuration list for PBXNativeTarget "leboncoinPaperClip" */ = {
			isa = XCConfigurationList;
			buildConfigurations = (
				151506DF2DCA4FC60081328B /* Debug */,
				151506E02DCA4FC60081328B /* Release */,
			);
			defaultConfigurationIsVisible = 0;
			defaultConfigurationName = Release;
		};
		151506E12DCA4FC60081328B /* Build configuration list for PBXNativeTarget "leboncoinPaperClipTests" */ = {
			isa = XCConfigurationList;
			buildConfigurations = (
				151506E22DCA4FC60081328B /* Debug */,
				151506E32DCA4FC60081328B /* Release */,
			);
			defaultConfigurationIsVisible = 0;
			defaultConfigurationName = Release;
		};
		151506E42DCA4FC60081328B /* Build configuration list for PBXNativeTarget "leboncoinPaperClipUITests" */ = {
			isa = XCConfigurationList;
			buildConfigurations = (
				151506E52DCA4FC60081328B /* Debug */,
				151506E62DCA4FC60081328B /* Release */,
			);
			defaultConfigurationIsVisible = 0;
			defaultConfigurationName = Release;
		};
/* End XCConfigurationList section */
	};
	rootObject = 151506B02DCA4FC30081328B /* Project object */;
}
